
Microsoft Visual Studio Solution File, Format Version 12.00
# Visual Studio Version 16
VisualStudioVersion = 16.0.31410.357
MinimumVisualStudioVersion = 10.0.40219.1
Project("{9A19103F-16F7-4668-BE54-9A1E7A4F7556}") = "Spiron.Automation.Framework", "Spiron.Automation.Framework.csproj", "{1009F1F8-D24D-4FD4-B613-6ABBEC735B23}"
EndProject
Project("{9A19103F-16F7-4668-BE54-9A1E7A4F7556}") = "SpirionUITests", "..\SpirionUITests\SpirionUITests.csproj", "{392E4DF5-6E22-43C2-BFDD-42BB449CFC47}"
EndProject
Project("{FAE04EC0-301F-11D3-BF4B-00C04F79EFBC}") = "CloudIntegration", "..\CloudIntegration\CloudIntegration.csproj", "{B29F88F1-6D54-4A82-857C-AF2852DEACCE}"
EndProject
Global
	GlobalSection(SolutionConfigurationPlatforms) = preSolution
		Debug|Any CPU = Debug|Any CPU
		Release|Any CPU = Release|Any CPU
	EndGlobalSection
	GlobalSection(ProjectConfigurationPlatforms) = postSolution
		{1009F1F8-D24D-4FD4-B613-6ABBEC735B23}.Debug|Any CPU.ActiveCfg = Debug|Any CPU
		{1009F1F8-D24D-4FD4-B613-6ABBEC735B23}.Debug|Any CPU.Build.0 = Debug|Any CPU
		{1009F1F8-D24D-4FD4-B613-6ABBEC735B23}.Release|Any CPU.ActiveCfg = Release|Any CPU
		{1009F1F8-D24D-4FD4-B613-6ABBEC735B23}.Release|Any CPU.Build.0 = Release|Any CPU
		{392E4DF5-6E22-43C2-BFDD-42BB449CFC47}.Debug|Any CPU.ActiveCfg = Debug|Any CPU
		{392E4DF5-6E22-43C2-BFDD-42BB449CFC47}.Debug|Any CPU.Build.0 = Debug|Any CPU
		{392E4DF5-6E22-43C2-BFDD-42BB449CFC47}.Release|Any CPU.ActiveCfg = Release|Any CPU
		{392E4DF5-6E22-43C2-BFDD-42BB449CFC47}.Release|Any CPU.Build.0 = Release|Any CPU
		{B29F88F1-6D54-4A82-857C-AF2852DEACCE}.Debug|Any CPU.ActiveCfg = Debug|Any CPU
		{B29F88F1-6D54-4A82-857C-AF2852DEACCE}.Debug|Any CPU.Build.0 = Debug|Any CPU
		{B29F88F1-6D54-4A82-857C-AF2852DEACCE}.Release|Any CPU.ActiveCfg = Release|Any CPU
		{B29F88F1-6D54-4A82-857C-AF2852DEACCE}.Release|Any CPU.Build.0 = Release|Any CPU
	EndGlobalSection
	GlobalSection(SolutionProperties) = preSolution
		HideSolutionNode = FALSE
	EndGlobalSection
	GlobalSection(ExtensibilityGlobals) = postSolution
		SolutionGuid = {5AA8E4BE-33FD-4201-85DA-3E20A8A157F3}
	EndGlobalSection
EndGlobal
